// !$*UTF8*$!
{
	archiveVersion = 1;
	classes = {
	};
	objectVersion = 77;
	objects = {

/* Begin PBXBuildFile section */
		0738267EB93DB08CE6EB2C6C /* WorldsView.swift in Sources */ = {isa = PBXBuildFile; fileRef = 9EC3C8C04FE66F07B032049F /* WorldsView.swift */; };
		0B9869C73A8F7D38B2036F3A /* Achievement.swift in Sources */ = {isa = PBXBuildFile; fileRef = AC69FFC3138E13513F3C0F84 /* Achievement.swift */; };
		1154E36FC3396AF1FCB39ACB /* GlyphData.swift in Sources */ = {isa = PBXBuildFile; fileRef = CF92E0B305E594137F7FD1F4 /* GlyphData.swift */; };
		15CDC22A26B943F4DF859179 /* GlassButton.swift in Sources */ = {isa = PBXBuildFile; fileRef = EC5464DB6CED7EC1B3EA9F22 /* GlassButton.swift */; };
		23E482B10F785127908D13E7 /* AppState.swift in Sources */ = {isa = PBXBuildFile; fileRef = B31715FA61B3A28E6E86F13E /* AppState.swift */; };
		290A9D0FE8F54613BBE37243 /* View+Theme.swift in Sources */ = {isa = PBXBuildFile; fileRef = CCD488D7DD66AF872AB7751E /* View+Theme.swift */; };
		29357F93752A54CF8C1209C8 /* PlayView.swift in Sources */ = {isa = PBXBuildFile; fileRef = DA984AD336DE14CF16D30CD7 /* PlayView.swift */; };
		30B2DEA494DED9A55622876A /* GlassCard.swift in Sources */ = {isa = PBXBuildFile; fileRef = D87CEA8363270B346DBD5D53 /* GlassCard.swift */; };
		3E41C16F58CAA5BBB88149DA /* Route.swift in Sources */ = {isa = PBXBuildFile; fileRef = 14F12E00F2D39E9C11FD7A55 /* Route.swift */; };
		439A7E54CFD93F7701BE68C6 /* StatsRecord.swift in Sources */ = {isa = PBXBuildFile; fileRef = 0C5C0DAFC439157E2BB19B7A /* StatsRecord.swift */; };
		4CCA623A68874B2034A0BF11 /* RuneEngine.swift in Sources */ = {isa = PBXBuildFile; fileRef = FA77A4888E6BDD61DBEF0D5C /* RuneEngine.swift */; };
		52AFE876C0E1C78A3F4F81DD /* AchievementsView.swift in Sources */ = {isa = PBXBuildFile; fileRef = 40D4B91A045D513666788110 /* AchievementsView.swift */; };
		53F6CCC2D5878643654DE021 /* SettingsRecord.swift in Sources */ = {isa = PBXBuildFile; fileRef = E4236D115181F1828F626C67 /* SettingsRecord.swift */; };
		5A49298AE98658FAC42584A9 /* RuneConfig.swift in Sources */ = {isa = PBXBuildFile; fileRef = AE5A3D903A5098D30C5D5C07 /* RuneConfig.swift */; };
		5D6C71B0DD3892EB392E1295 /* PlayViewModel.swift in Sources */ = {isa = PBXBuildFile; fileRef = 21C1809CB441484134E41F43 /* PlayViewModel.swift */; };
		5EAD4C999D38663C592614BF /* OnboardingView.swift in Sources */ = {isa = PBXBuildFile; fileRef = 1D57F4F9EBC061D0EC477431 /* OnboardingView.swift */; };
		63E5CBD640CAFDF47FD78347 /* Assets.xcassets in Resources */ = {isa = PBXBuildFile; fileRef = 40F7B8F771998E4D627E22A6 /* Assets.xcassets */; };
		694E57CFA1DA28767A269C80 /* QuizView.swift in Sources */ = {isa = PBXBuildFile; fileRef = 18531B3639ABCB91EB07309D /* QuizView.swift */; };
		6D60A51FA8A561AA4CAB05B8 /* RuneApp.swift in Sources */ = {isa = PBXBuildFile; fileRef = F835223A0E855D77484E240D /* RuneApp.swift */; };
		78DE578FA87A7EF5428C9DE3 /* ContentView.swift in Sources */ = {isa = PBXBuildFile; fileRef = 4DABD6DB93306E40BB1778D3 /* ContentView.swift */; };
		7A58310193D0BAA603934C62 /* Glyph.swift in Sources */ = {isa = PBXBuildFile; fileRef = 4B96F4B75D01FFCB791AC635 /* Glyph.swift */; };
		90978AED7C6B27BF47B75890 /* FloatingOrbsView.swift in Sources */ = {isa = PBXBuildFile; fileRef = 57D1D41BC8A47D6DEBA149F1 /* FloatingOrbsView.swift */; };
		9F605ABA2A9AB3745F1A9A41 /* SettingsView.swift in Sources */ = {isa = PBXBuildFile; fileRef = 2036947055ABD65189E259EC /* SettingsView.swift */; };
		A1BD63B076A6F3B805EE25AC /* StatsDetailView.swift in Sources */ = {isa = PBXBuildFile; fileRef = 32CA7739423879120DE0CA86 /* StatsDetailView.swift */; };
		AAD5873E9135EBBDC8FA5789 /* Color+Extensions.swift in Sources */ = {isa = PBXBuildFile; fileRef = FE3CFC42F2BDC1E86CD8AED5 /* Color+Extensions.swift */; };
		AD7209CC1FEAA008CC46FAC9 /* AchievementRecord.swift in Sources */ = {isa = PBXBuildFile; fileRef = BD21432F02E9080CBFF60905 /* AchievementRecord.swift */; };
		AF3614E49F391B08C0A5E965 /* AllThemes.swift in Sources */ = {isa = PBXBuildFile; fileRef = BE6F0D3E0B5AE0A89AF2CDD9 /* AllThemes.swift */; };
		B5F9CA6F03148778C6E2BC1C /* HomeView.swift in Sources */ = {isa = PBXBuildFile; fileRef = 3FA7FAB4E8E79B9B65BF14E4 /* HomeView.swift */; };
		C5BAE8A68555ECFCC85166BC /* ThemePickerView.swift in Sources */ = {isa = PBXBuildFile; fileRef = 8D137F339374913836AB3B8F /* ThemePickerView.swift */; };
		DA4CC783093534BB0840CEE2 /* ScriptRealm.swift in Sources */ = {isa = PBXBuildFile; fileRef = 5DD4CD3FE07C65CF2ED34E74 /* ScriptRealm.swift */; };
		DE28BD8FA35B03A17092C215 /* HapticsService.swift in Sources */ = {isa = PBXBuildFile; fileRef = 22BAD0F8008C5B69CEA36B0F /* HapticsService.swift */; };
		E8F2238FCACFC2BD10F907E0 /* ThemeEnvironment.swift in Sources */ = {isa = PBXBuildFile; fileRef = B70F33FEA76FE1BDC640948F /* ThemeEnvironment.swift */; };
		F65A72D9E33091296F3558BC /* ThemeColors.swift in Sources */ = {isa = PBXBuildFile; fileRef = 8119927051B5884364600A7C /* ThemeColors.swift */; };
		F8C968F9391AD507C66B13CF /* LevelRecord.swift in Sources */ = {isa = PBXBuildFile; fileRef = 92091F668A1F3C3433A976BB /* LevelRecord.swift */; };
		FE992DB015D1903E71D90F7B /* Theme.swift in Sources */ = {isa = PBXBuildFile; fileRef = 64D19989BE595BAB0BD95CA3 /* Theme.swift */; };
		FFBD3A74C41AA4E09040D3A5 /* ConfettiView.swift in Sources */ = {isa = PBXBuildFile; fileRef = 2F43912937AEA2E7BAE3FD83 /* ConfettiView.swift */; };
/* End PBXBuildFile section */

/* Begin PBXFileReference section */
		0C5C0DAFC439157E2BB19B7A /* StatsRecord.swift */ = {isa = PBXFileReference; lastKnownFileType = sourcecode.swift; path = StatsRecord.swift; sourceTree = "<group>"; };
		14F12E00F2D39E9C11FD7A55 /* Route.swift */ = {isa = PBXFileReference; lastKnownFileType = sourcecode.swift; path = Route.swift; sourceTree = "<group>"; };
		18531B3639ABCB91EB07309D /* QuizView.swift */ = {isa = PBXFileReference; lastKnownFileType = sourcecode.swift; path = QuizView.swift; sourceTree = "<group>"; };
		1D57F4F9EBC061D0EC477431 /* OnboardingView.swift */ = {isa = PBXFileReference; lastKnownFileType = sourcecode.swift; path = OnboardingView.swift; sourceTree = "<group>"; };
		2036947055ABD65189E259EC /* SettingsView.swift */ = {isa = PBXFileReference; lastKnownFileType = sourcecode.swift; path = SettingsView.swift; sourceTree = "<group>"; };
		21C1809CB441484134E41F43 /* PlayViewModel.swift */ = {isa = PBXFileReference; lastKnownFileType = sourcecode.swift; path = PlayViewModel.swift; sourceTree = "<group>"; };
		22BAD0F8008C5B69CEA36B0F /* HapticsService.swift */ = {isa = PBXFileReference; lastKnownFileType = sourcecode.swift; path = HapticsService.swift; sourceTree = "<group>"; };
		2F43912937AEA2E7BAE3FD83 /* ConfettiView.swift */ = {isa = PBXFileReference; lastKnownFileType = sourcecode.swift; path = ConfettiView.swift; sourceTree = "<group>"; };
		32CA7739423879120DE0CA86 /* StatsDetailView.swift */ = {isa = PBXFileReference; lastKnownFileType = sourcecode.swift; path = StatsDetailView.swift; sourceTree = "<group>"; };
		3FA7FAB4E8E79B9B65BF14E4 /* HomeView.swift */ = {isa = PBXFileReference; lastKnownFileType = sourcecode.swift; path = HomeView.swift; sourceTree = "<group>"; };
		40D4B91A045D513666788110 /* AchievementsView.swift */ = {isa = PBXFileReference; lastKnownFileType = sourcecode.swift; path = AchievementsView.swift; sourceTree = "<group>"; };
		40F7B8F771998E4D627E22A6 /* Assets.xcassets */ = {isa = PBXFileReference; lastKnownFileType = folder.assetcatalog; path = Assets.xcassets; sourceTree = "<group>"; };
		4B96F4B75D01FFCB791AC635 /* Glyph.swift */ = {isa = PBXFileReference; lastKnownFileType = sourcecode.swift; path = Glyph.swift; sourceTree = "<group>"; };
		4DABD6DB93306E40BB1778D3 /* ContentView.swift */ = {isa = PBXFileReference; lastKnownFileType = sourcecode.swift; path = ContentView.swift; sourceTree = "<group>"; };
		57D1D41BC8A47D6DEBA149F1 /* FloatingOrbsView.swift */ = {isa = PBXFileReference; lastKnownFileType = sourcecode.swift; path = FloatingOrbsView.swift; sourceTree = "<group>"; };
		5DD4CD3FE07C65CF2ED34E74 /* ScriptRealm.swift */ = {isa = PBXFileReference; lastKnownFileType = sourcecode.swift; path = ScriptRealm.swift; sourceTree = "<group>"; };
		60BF5013D4B741AB6F8B7311 /* Rune.app */ = {isa = PBXFileReference; includeInIndex = 0; lastKnownFileType = wrapper.application; path = Rune.app; sourceTree = BUILT_PRODUCTS_DIR; };
		64D19989BE595BAB0BD95CA3 /* Theme.swift */ = {isa = PBXFileReference; lastKnownFileType = sourcecode.swift; path = Theme.swift; sourceTree = "<group>"; };
		8119927051B5884364600A7C /* ThemeColors.swift */ = {isa = PBXFileReference; lastKnownFileType = sourcecode.swift; path = ThemeColors.swift; sourceTree = "<group>"; };
		8D137F339374913836AB3B8F /* ThemePickerView.swift */ = {isa = PBXFileReference; lastKnownFileType = sourcecode.swift; path = ThemePickerView.swift; sourceTree = "<group>"; };
		92091F668A1F3C3433A976BB /* LevelRecord.swift */ = {isa = PBXFileReference; lastKnownFileType = sourcecode.swift; path = LevelRecord.swift; sourceTree = "<group>"; };
		9EC3C8C04FE66F07B032049F /* WorldsView.swift */ = {isa = PBXFileReference; lastKnownFileType = sourcecode.swift; path = WorldsView.swift; sourceTree = "<group>"; };
		AC69FFC3138E13513F3C0F84 /* Achievement.swift */ = {isa = PBXFileReference; lastKnownFileType = sourcecode.swift; path = Achievement.swift; sourceTree = "<group>"; };
		AE5A3D903A5098D30C5D5C07 /* RuneConfig.swift */ = {isa = PBXFileReference; lastKnownFileType = sourcecode.swift; path = RuneConfig.swift; sourceTree = "<group>"; };
		B31715FA61B3A28E6E86F13E /* AppState.swift */ = {isa = PBXFileReference; lastKnownFileType = sourcecode.swift; path = AppState.swift; sourceTree = "<group>"; };
		B70F33FEA76FE1BDC640948F /* ThemeEnvironment.swift */ = {isa = PBXFileReference; lastKnownFileType = sourcecode.swift; path = ThemeEnvironment.swift; sourceTree = "<group>"; };
		BD21432F02E9080CBFF60905 /* AchievementRecord.swift */ = {isa = PBXFileReference; lastKnownFileType = sourcecode.swift; path = AchievementRecord.swift; sourceTree = "<group>"; };
		BE6F0D3E0B5AE0A89AF2CDD9 /* AllThemes.swift */ = {isa = PBXFileReference; lastKnownFileType = sourcecode.swift; path = AllThemes.swift; sourceTree = "<group>"; };
		CCD488D7DD66AF872AB7751E /* View+Theme.swift */ = {isa = PBXFileReference; lastKnownFileType = sourcecode.swift; path = "View+Theme.swift"; sourceTree = "<group>"; };
		CF92E0B305E594137F7FD1F4 /* GlyphData.swift */ = {isa = PBXFileReference; lastKnownFileType = sourcecode.swift; path = GlyphData.swift; sourceTree = "<group>"; };
		D87CEA8363270B346DBD5D53 /* GlassCard.swift */ = {isa = PBXFileReference; lastKnownFileType = sourcecode.swift; path = GlassCard.swift; sourceTree = "<group>"; };
		DA984AD336DE14CF16D30CD7 /* PlayView.swift */ = {isa = PBXFileReference; lastKnownFileType = sourcecode.swift; path = PlayView.swift; sourceTree = "<group>"; };
		E4236D115181F1828F626C67 /* SettingsRecord.swift */ = {isa = PBXFileReference; lastKnownFileType = sourcecode.swift; path = SettingsRecord.swift; sourceTree = "<group>"; };
		EC5464DB6CED7EC1B3EA9F22 /* GlassButton.swift */ = {isa = PBXFileReference; lastKnownFileType = sourcecode.swift; path = GlassButton.swift; sourceTree = "<group>"; };
		F835223A0E855D77484E240D /* RuneApp.swift */ = {isa = PBXFileReference; lastKnownFileType = sourcecode.swift; path = RuneApp.swift; sourceTree = "<group>"; };
		FA77A4888E6BDD61DBEF0D5C /* RuneEngine.swift */ = {isa = PBXFileReference; lastKnownFileType = sourcecode.swift; path = RuneEngine.swift; sourceTree = "<group>"; };
		FE3CFC42F2BDC1E86CD8AED5 /* Color+Extensions.swift */ = {isa = PBXFileReference; lastKnownFileType = sourcecode.swift; path = "Color+Extensions.swift"; sourceTree = "<group>"; };
/* End PBXFileReference section */

/* Begin PBXGroup section */
		08781EDF3F859B80B6D22ADB /* Products */ = {
			isa = PBXGroup;
			children = (
				60BF5013D4B741AB6F8B7311 /* Rune.app */,
			);
			name = Products;
			sourceTree = "<group>";
		};
		0E61B20D3D2D8B4BB373758E /* Extensions */ = {
			isa = PBXGroup;
			children = (
				FE3CFC42F2BDC1E86CD8AED5 /* Color+Extensions.swift */,
				CCD488D7DD66AF872AB7751E /* View+Theme.swift */,
			);
			path = Extensions;
			sourceTree = "<group>";
		};
		1B36C279C262B7B1BED6EBEC /* Engine */ = {
			isa = PBXGroup;
			children = (
				CF92E0B305E594137F7FD1F4 /* GlyphData.swift */,
				FA77A4888E6BDD61DBEF0D5C /* RuneEngine.swift */,
			);
			path = Engine;
			sourceTree = "<group>";
		};
		1CA5F91F8B1A3FB23F171729 /* Core */ = {
			isa = PBXGroup;
			children = (
				1B36C279C262B7B1BED6EBEC /* Engine */,
				E86F8C1A7127A8D2886A0FF8 /* Models */,
				1F71165EBE89F82C1A963276 /* Services */,
			);
			path = Core;
			sourceTree = "<group>";
		};
		1F71165EBE89F82C1A963276 /* Services */ = {
			isa = PBXGroup;
			children = (
				22BAD0F8008C5B69CEA36B0F /* HapticsService.swift */,
			);
			path = Services;
			sourceTree = "<group>";
		};
		2A95C7DDC7CBB45A6F5BF526 /* Stats */ = {
			isa = PBXGroup;
			children = (
				32CA7739423879120DE0CA86 /* StatsDetailView.swift */,
			);
			path = Stats;
			sourceTree = "<group>";
		};
		2AF082D6B93BEEE71F22620A = {
			isa = PBXGroup;
			children = (
				BEF5D38065FA09B7685602D3 /* Rune */,
				08781EDF3F859B80B6D22ADB /* Products */,
			);
			sourceTree = "<group>";
		};
		33D94610040C3E31BC6A5388 /* Features */ = {
			isa = PBXGroup;
			children = (
				99A4A8147F83144D9C222F2B /* Achievements */,
				D5F545BE138E0888BE9B859A /* Home */,
				56706416AE09B23B0CCED52F /* Onboarding */,
				C737E93E9315D4B385673DEF /* Play */,
				B5F3336891A2CF7C90CCBB09 /* Quiz */,
				453BD934EBEC47321D9F8A2F /* Settings */,
				2A95C7DDC7CBB45A6F5BF526 /* Stats */,
				EF0EDBAE4ED287E348C25FB4 /* Worlds */,
			);
			path = Features;
			sourceTree = "<group>";
		};
		453BD934EBEC47321D9F8A2F /* Settings */ = {
			isa = PBXGroup;
			children = (
				2036947055ABD65189E259EC /* SettingsView.swift */,
				8D137F339374913836AB3B8F /* ThemePickerView.swift */,
			);
			path = Settings;
			sourceTree = "<group>";
		};
		56706416AE09B23B0CCED52F /* Onboarding */ = {
			isa = PBXGroup;
			children = (
				1D57F4F9EBC061D0EC477431 /* OnboardingView.swift */,
			);
			path = Onboarding;
			sourceTree = "<group>";
		};
		64F27DC113BAB47B6834B49F /* Theme */ = {
			isa = PBXGroup;
			children = (
				BE6F0D3E0B5AE0A89AF2CDD9 /* AllThemes.swift */,
				64D19989BE595BAB0BD95CA3 /* Theme.swift */,
				8119927051B5884364600A7C /* ThemeColors.swift */,
				B70F33FEA76FE1BDC640948F /* ThemeEnvironment.swift */,
			);
			path = Theme;
			sourceTree = "<group>";
		};
		65C8C39DB3BAFBBE98916329 /* SwiftData */ = {
			isa = PBXGroup;
			children = (
				BD21432F02E9080CBFF60905 /* AchievementRecord.swift */,
				92091F668A1F3C3433A976BB /* LevelRecord.swift */,
				E4236D115181F1828F626C67 /* SettingsRecord.swift */,
				0C5C0DAFC439157E2BB19B7A /* StatsRecord.swift */,
			);
			path = SwiftData;
			sourceTree = "<group>";
		};
		99A4A8147F83144D9C222F2B /* Achievements */ = {
			isa = PBXGroup;
			children = (
				40D4B91A045D513666788110 /* AchievementsView.swift */,
			);
			path = Achievements;
			sourceTree = "<group>";
		};
		B5F3336891A2CF7C90CCBB09 /* Quiz */ = {
			isa = PBXGroup;
			children = (
				18531B3639ABCB91EB07309D /* QuizView.swift */,
			);
			path = Quiz;
			sourceTree = "<group>";
		};
		BEF5D38065FA09B7685602D3 /* Rune */ = {
			isa = PBXGroup;
			children = (
				40F7B8F771998E4D627E22A6 /* Assets.xcassets */,
				4DABD6DB93306E40BB1778D3 /* ContentView.swift */,
				F835223A0E855D77484E240D /* RuneApp.swift */,
				EB30A008B90C390F840CE022 /* App */,
				1CA5F91F8B1A3FB23F171729 /* Core */,
				CC54787A93FFD5292E76946A /* Data */,
				33D94610040C3E31BC6A5388 /* Features */,
				FAEDA15201AE89B948CC52D0 /* Shared */,
			);
			path = Rune;
			sourceTree = "<group>";
		};
		C737E93E9315D4B385673DEF /* Play */ = {
			isa = PBXGroup;
			children = (
				DA984AD336DE14CF16D30CD7 /* PlayView.swift */,
				21C1809CB441484134E41F43 /* PlayViewModel.swift */,
			);
			path = Play;
			sourceTree = "<group>";
		};
		CC54787A93FFD5292E76946A /* Data */ = {
			isa = PBXGroup;
			children = (
				65C8C39DB3BAFBBE98916329 /* SwiftData */,
			);
			path = Data;
			sourceTree = "<group>";
		};
		D5F545BE138E0888BE9B859A /* Home */ = {
			isa = PBXGroup;
			children = (
				3FA7FAB4E8E79B9B65BF14E4 /* HomeView.swift */,
			);
			path = Home;
			sourceTree = "<group>";
		};
		E65B9724215205A14CEFD221 /* Components */ = {
			isa = PBXGroup;
			children = (
				2F43912937AEA2E7BAE3FD83 /* ConfettiView.swift */,
				57D1D41BC8A47D6DEBA149F1 /* FloatingOrbsView.swift */,
				EC5464DB6CED7EC1B3EA9F22 /* GlassButton.swift */,
				D87CEA8363270B346DBD5D53 /* GlassCard.swift */,
			);
			path = Components;
			sourceTree = "<group>";
		};
		E86F8C1A7127A8D2886A0FF8 /* Models */ = {
			isa = PBXGroup;
			children = (
				AC69FFC3138E13513F3C0F84 /* Achievement.swift */,
				4B96F4B75D01FFCB791AC635 /* Glyph.swift */,
				AE5A3D903A5098D30C5D5C07 /* RuneConfig.swift */,
				5DD4CD3FE07C65CF2ED34E74 /* ScriptRealm.swift */,
			);
			path = Models;
			sourceTree = "<group>";
		};
		EB30A008B90C390F840CE022 /* App */ = {
			isa = PBXGroup;
			children = (
				B31715FA61B3A28E6E86F13E /* AppState.swift */,
				14F12E00F2D39E9C11FD7A55 /* Route.swift */,
			);
			path = App;
			sourceTree = "<group>";
		};
		EF0EDBAE4ED287E348C25FB4 /* Worlds */ = {
			isa = PBXGroup;
			children = (
				9EC3C8C04FE66F07B032049F /* WorldsView.swift */,
			);
			path = Worlds;
			sourceTree = "<group>";
		};
		FAEDA15201AE89B948CC52D0 /* Shared */ = {
			isa = PBXGroup;
			children = (
				E65B9724215205A14CEFD221 /* Components */,
				0E61B20D3D2D8B4BB373758E /* Extensions */,
				64F27DC113BAB47B6834B49F /* Theme */,
			);
			path = Shared;
			sourceTree = "<group>";
		};
/* End PBXGroup section */

/* Begin PBXNativeTarget section */
		485FB0CC92A540DFD6E9D0BB /* Rune */ = {
			isa = PBXNativeTarget;
			buildConfigurationList = 37FE0F6A6E220C04E71212D7 /* Build configuration list for PBXNativeTarget "Rune" */;
			buildPhases = (
				EBAC36875A1152BBAAD278AD /* Sources */,
				D323EAE35A76FE1CDE363020 /* Resources */,
			);
			buildRules = (
			);
			dependencies = (
			);
			name = Rune;
			packageProductDependencies = (
			);
			productName = Rune;
			productReference = 60BF5013D4B741AB6F8B7311 /* Rune.app */;
			productType = "com.apple.product-type.application";
		};
/* End PBXNativeTarget section */

/* Begin PBXProject section */
		01990F4343E8CFE3CF1E8440 /* Project object */ = {
			isa = PBXProject;
			attributes = {
				BuildIndependentTargetsInParallel = YES;
				LastUpgradeCheck = 1600;
			};
			buildConfigurationList = F75E36E5BD1611645789D87A /* Build configuration list for PBXProject "Rune" */;
			compatibilityVersion = "Xcode 14.0";
			developmentRegion = en;
			hasScannedForEncodings = 0;
			knownRegions = (
				Base,
				en,
			);
			mainGroup = 2AF082D6B93BEEE71F22620A;
			minimizedProjectReferenceProxies = 1;
			preferredProjectObjectVersion = 77;
			projectDirPath = "";
			projectRoot = "";
			targets = (
				485FB0CC92A540DFD6E9D0BB /* Rune */,
			);
		};
/* End PBXProject section */

/* Begin PBXResourcesBuildPhase section */
		D323EAE35A76FE1CDE363020 /* Resources */ = {
			isa = PBXResourcesBuildPhase;
			buildActionMask = 2147483647;
			files = (
				63E5CBD640CAFDF47FD78347 /* Assets.xcassets in Resources */,
			);
			runOnlyForDeploymentPostprocessing = 0;
		};
/* End PBXResourcesBuildPhase section */

/* Begin PBXSourcesBuildPhase section */
		EBAC36875A1152BBAAD278AD /* Sources */ = {
			isa = PBXSourcesBuildPhase;
			buildActionMask = 2147483647;
			files = (
				0B9869C73A8F7D38B2036F3A /* Achievement.swift in Sources */,
				AD7209CC1FEAA008CC46FAC9 /* AchievementRecord.swift in Sources */,
				52AFE876C0E1C78A3F4F81DD /* AchievementsView.swift in Sources */,
				AF3614E49F391B08C0A5E965 /* AllThemes.swift in Sources */,
				23E482B10F785127908D13E7 /* AppState.swift in Sources */,
				AAD5873E9135EBBDC8FA5789 /* Color+Extensions.swift in Sources */,
				FFBD3A74C41AA4E09040D3A5 /* ConfettiView.swift in Sources */,
				78DE578FA87A7EF5428C9DE3 /* ContentView.swift in Sources */,
				90978AED7C6B27BF47B75890 /* FloatingOrbsView.swift in Sources */,
				15CDC22A26B943F4DF859179 /* GlassButton.swift in Sources */,
				30B2DEA494DED9A55622876A /* GlassCard.swift in Sources */,
				7A58310193D0BAA603934C62 /* Glyph.swift in Sources */,
				1154E36FC3396AF1FCB39ACB /* GlyphData.swift in Sources */,
				DE28BD8FA35B03A17092C215 /* HapticsService.swift in Sources */,
				B5F9CA6F03148778C6E2BC1C /* HomeView.swift in Sources */,
				F8C968F9391AD507C66B13CF /* LevelRecord.swift in Sources */,
				5EAD4C999D38663C592614BF /* OnboardingView.swift in Sources */,
				29357F93752A54CF8C1209C8 /* PlayView.swift in Sources */,
				5D6C71B0DD3892EB392E1295 /* PlayViewModel.swift in Sources */,
				694E57CFA1DA28767A269C80 /* QuizView.swift in Sources */,
				3E41C16F58CAA5BBB88149DA /* Route.swift in Sources */,
				6D60A51FA8A561AA4CAB05B8 /* RuneApp.swift in Sources */,
				5A49298AE98658FAC42584A9 /* RuneConfig.swift in Sources */,
				4CCA623A68874B2034A0BF11 /* RuneEngine.swift in Sources */,
				DA4CC783093534BB0840CEE2 /* ScriptRealm.swift in Sources */,
				53F6CCC2D5878643654DE021 /* SettingsRecord.swift in Sources */,
				9F605ABA2A9AB3745F1A9A41 /* SettingsView.swift in Sources */,
				A1BD63B076A6F3B805EE25AC /* StatsDetailView.swift in Sources */,
				439A7E54CFD93F7701BE68C6 /* StatsRecord.swift in Sources */,
				FE992DB015D1903E71D90F7B /* Theme.swift in Sources */,
				F65A72D9E33091296F3558BC /* ThemeColors.swift in Sources */,
				E8F2238FCACFC2BD10F907E0 /* ThemeEnvironment.swift in Sources */,
				C5BAE8A68555ECFCC85166BC /* ThemePickerView.swift in Sources */,
				290A9D0FE8F54613BBE37243 /* View+Theme.swift in Sources */,
				0738267EB93DB08CE6EB2C6C /* WorldsView.swift in Sources */,
			);
			runOnlyForDeploymentPostprocessing = 0;
		};
/* End PBXSourcesBuildPhase section */

/* Begin XCBuildConfiguration section */
		2B7D69A4A1882576192720F8 /* Release */ = {
			isa = XCBuildConfiguration;
			buildSettings = {
				ASSETCATALOG_COMPILER_APPICON_NAME = AppIcon;
				CODE_SIGN_IDENTITY = "iPhone Developer";
				GENERATE_INFOPLIST_FILE = YES;
				INFOPLIST_KEY_UIApplicationSceneManifest_Generation = YES;
				INFOPLIST_KEY_UIApplicationSupportsIndirectInputEvents = YES;
				INFOPLIST_KEY_UILaunchScreen_Generation = YES;
				INFOPLIST_KEY_UISupportedInterfaceOrientations_iPhone = UIInterfaceOrientationPortrait;
				LD_RUNPATH_SEARCH_PATHS = (
					"$(inherited)",
					"@executable_path/Frameworks",
				);
				PRODUCT_BUNDLE_IDENTIFIER = com.atakan.rune;
				SDKROOT = iphoneos;
				SWIFT_STRICT_CONCURRENCY = complete;
				TARGETED_DEVICE_FAMILY = "1,2";
			};
			name = Release;
		};
		362ED5A79387CAF0DA9B8F6B /* Debug */ = {
			isa = XCBuildConfiguration;
			buildSettings = {
				ALWAYS_SEARCH_USER_PATHS = NO;
				CLANG_ANALYZER_NONNULL = YES;
				CLANG_ANALYZER_NUMBER_OBJECT_CONVERSION = YES_AGGRESSIVE;
				CLANG_CXX_LANGUAGE_STANDARD = "gnu++14";
				CLANG_CXX_LIBRARY = "libc++";
				CLANG_ENABLE_MODULES = YES;
				CLANG_ENABLE_OBJC_ARC = YES;
				CLANG_ENABLE_OBJC_WEAK = YES;
				CLANG_WARN_BLOCK_CAPTURE_AUTORELEASING = YES;
				CLANG_WARN_BOOL_CONVERSION = YES;
				CLANG_WARN_COMMA = YES;
				CLANG_WARN_CONSTANT_CONVERSION = YES;
				CLANG_WARN_DEPRECATED_OBJC_IMPLEMENTATIONS = YES;
				CLANG_WARN_DIRECT_OBJC_ISA_USAGE = YES_ERROR;
				CLANG_WARN_DOCUMENTATION_COMMENTS = YES;
				CLANG_WARN_EMPTY_BODY = YES;
				CLANG_WARN_ENUM_CONVERSION = YES;
				CLANG_WARN_INFINITE_RECURSION = YES;
				CLANG_WARN_INT_CONVERSION = YES;
				CLANG_WARN_NON_LITERAL_NULL_CONVERSION = YES;
				CLANG_WARN_OBJC_IMPLICIT_RETAIN_SELF = YES;
				CLANG_WARN_OBJC_LITERAL_CONVERSION = YES;
				CLANG_WARN_OBJC_ROOT_CLASS = YES_ERROR;
				CLANG_WARN_QUOTED_INCLUDE_IN_FRAMEWORK_HEADER = YES;
				CLANG_WARN_RANGE_LOOP_ANALYSIS = YES;
				CLANG_WARN_STRICT_PROTOTYPES = YES;
				CLANG_WARN_SUSPICIOUS_MOVE = YES;
				CLANG_WARN_UNGUARDED_AVAILABILITY = YES_AGGRESSIVE;
				CLANG_WARN_UNREACHABLE_CODE = YES;
				CLANG_WARN__DUPLICATE_METHOD_MATCH = YES;
				COPY_PHASE_STRIP = NO;
				DEBUG_INFORMATION_FORMAT = dwarf;
				ENABLE_STRICT_OBJC_MSGSEND = YES;
				ENABLE_TESTABILITY = YES;
				GCC_C_LANGUAGE_STANDARD = gnu11;
				GCC_DYNAMIC_NO_PIC = NO;
				GCC_NO_COMMON_BLOCKS = YES;
				GCC_OPTIMIZATION_LEVEL = 0;
				GCC_PREPROCESSOR_DEFINITIONS = (
					"$(inherited)",
					"DEBUG=1",
				);
				GCC_WARN_64_TO_32_BIT_CONVERSION = YES;
				GCC_WARN_ABOUT_RETURN_TYPE = YES_ERROR;
				GCC_WARN_UNDECLARED_SELECTOR = YES;
				GCC_WARN_UNINITIALIZED_AUTOS = YES_AGGRESSIVE;
				GCC_WARN_UNUSED_FUNCTION = YES;
				GCC_WARN_UNUSED_VARIABLE = YES;
				IPHONEOS_DEPLOYMENT_TARGET = 18.0;
				MTL_ENABLE_DEBUG_INFO = INCLUDE_SOURCE;
				MTL_FAST_MATH = YES;
				ONLY_ACTIVE_ARCH = YES;
				PRODUCT_NAME = "$(TARGET_NAME)";
				SDKROOT = iphoneos;
				SWIFT_ACTIVE_COMPILATION_CONDITIONS = DEBUG;
				SWIFT_OPTIMIZATION_LEVEL = "-Onone";
				SWIFT_VERSION = 6.0;
				TARGETED_DEVICE_FAMILY = "1,2";
			};
			name = Debug;
		};
		48D9CD325A6E789965A32996 /* Release */ = {
			isa = XCBuildConfiguration;
			buildSettings = {
				ALWAYS_SEARCH_USER_PATHS = NO;
				CLANG_ANALYZER_NONNULL = YES;
				CLANG_ANALYZER_NUMBER_OBJECT_CONVERSION = YES_AGGRESSIVE;
				CLANG_CXX_LANGUAGE_STANDARD = "gnu++14";
				CLANG_CXX_LIBRARY = "libc++";
				CLANG_ENABLE_MODULES = YES;
				CLANG_ENABLE_OBJC_ARC = YES;
				CLANG_ENABLE_OBJC_WEAK = YES;
				CLANG_WARN_BLOCK_CAPTURE_AUTORELEASING = YES;
				CLANG_WARN_BOOL_CONVERSION = YES;
				CLANG_WARN_COMMA = YES;
				CLANG_WARN_CONSTANT_CONVERSION = YES;
				CLANG_WARN_DEPRECATED_OBJC_IMPLEMENTATIONS = YES;
				CLANG_WARN_DIRECT_OBJC_ISA_USAGE = YES_ERROR;
				CLANG_WARN_DOCUMENTATION_COMMENTS = YES;
				CLANG_WARN_EMPTY_BODY = YES;
				CLANG_WARN_ENUM_CONVERSION = YES;
				CLANG_WARN_INFINITE_RECURSION = YES;
				CLANG_WARN_INT_CONVERSION = YES;
				CLANG_WARN_NON_LITERAL_NULL_CONVERSION = YES;
				CLANG_WARN_OBJC_IMPLICIT_RETAIN_SELF = YES;
				CLANG_WARN_OBJC_LITERAL_CONVERSION = YES;
				CLANG_WARN_OBJC_ROOT_CLASS = YES_ERROR;
				CLANG_WARN_QUOTED_INCLUDE_IN_FRAMEWORK_HEADER = YES;
				CLANG_WARN_RANGE_LOOP_ANALYSIS = YES;
				CLANG_WARN_STRICT_PROTOTYPES = YES;
				CLANG_WARN_SUSPICIOUS_MOVE = YES;
				CLANG_WARN_UNGUARDED_AVAILABILITY = YES_AGGRESSIVE;
				CLANG_WARN_UNREACHABLE_CODE = YES;
				CLANG_WARN__DUPLICATE_METHOD_MATCH = YES;
				COPY_PHASE_STRIP = NO;
				DEBUG_INFORMATION_FORMAT = "dwarf-with-dsym";
				ENABLE_NS_ASSERTIONS = NO;
				ENABLE_STRICT_OBJC_MSGSEND = YES;
				GCC_C_LANGUAGE_STANDARD = gnu11;
				GCC_NO_COMMON_BLOCKS = YES;
				GCC_WARN_64_TO_32_BIT_CONVERSION = YES;
				GCC_WARN_ABOUT_RETURN_TYPE = YES_ERROR;
				GCC_WARN_UNDECLARED_SELECTOR = YES;
				GCC_WARN_UNINITIALIZED_AUTOS = YES_AGGRESSIVE;
				GCC_WARN_UNUSED_FUNCTION = YES;
				GCC_WARN_UNUSED_VARIABLE = YES;
				IPHONEOS_DEPLOYMENT_TARGET = 18.0;
				MTL_ENABLE_DEBUG_INFO = NO;
				MTL_FAST_MATH = YES;
				PRODUCT_NAME = "$(TARGET_NAME)";
				SDKROOT = iphoneos;
				SWIFT_COMPILATION_MODE = wholemodule;
				SWIFT_OPTIMIZATION_LEVEL = "-O";
				SWIFT_VERSION = 6.0;
				TARGETED_DEVICE_FAMILY = "1,2";
			};
			name = Release;
		};
		542E7818896DA701C6728B78 /* Debug */ = {
			isa = XCBuildConfiguration;
			buildSettings = {
				ASSETCATALOG_COMPILER_APPICON_NAME = AppIcon;
				CODE_SIGN_IDENTITY = "iPhone Developer";
				GENERATE_INFOPLIST_FILE = YES;
				INFOPLIST_KEY_UIApplicationSceneManifest_Generation = YES;
				INFOPLIST_KEY_UIApplicationSupportsIndirectInputEvents = YES;
				INFOPLIST_KEY_UILaunchScreen_Generation = YES;
				INFOPLIST_KEY_UISupportedInterfaceOrientations_iPhone = UIInterfaceOrientationPortrait;
				LD_RUNPATH_SEARCH_PATHS = (
					"$(inherited)",
					"@executable_path/Frameworks",
				);
				PRODUCT_BUNDLE_IDENTIFIER = com.atakan.rune;
				SDKROOT = iphoneos;
				SWIFT_STRICT_CONCURRENCY = complete;
				TARGETED_DEVICE_FAMILY = "1,2";
			};
			name = Debug;
		};
/* End XCBuildConfiguration section */

/* Begin XCConfigurationList section */
		37FE0F6A6E220C04E71212D7 /* Build configuration list for PBXNativeTarget "Rune" */ = {
			isa = XCConfigurationList;
			buildConfigurations = (
				542E7818896DA701C6728B78 /* Debug */,
				2B7D69A4A1882576192720F8 /* Release */,
			);
			defaultConfigurationIsVisible = 0;
			defaultConfigurationName = Debug;
		};
		F75E36E5BD1611645789D87A /* Build configuration list for PBXProject "Rune" */ = {
			isa = XCConfigurationList;
			buildConfigurations = (
				362ED5A79387CAF0DA9B8F6B /* Debug */,
				48D9CD325A6E789965A32996 /* Release */,
			);
			defaultConfigurationIsVisible = 0;
			defaultConfigurationName = Debug;
		};
/* End XCConfigurationList section */
	};
	rootObject = 01990F4343E8CFE3CF1E8440 /* Project object */;
}
